// !$*UTF8*$!
{
	archiveVersion = 1;
	classes = {
	};
	objectVersion = 50;
	objects = {

/* Begin PBXBuildFile section */
		4B7301D2E2537C9124141FE2 /* Pods_Serendipia.framework in Frameworks */ = {isa = PBXBuildFile; fileRef = A432A442BCAFC4E717C19388 /* Pods_Serendipia.framework */; };
		7607AA4622BFE98600E2CC93 /* MapViewCell.swift in Sources */ = {isa = PBXBuildFile; fileRef = 7607AA4522BFE98600E2CC93 /* MapViewCell.swift */; };
		7627B8A822BD64B600DD75F0 /* RegistrationController.swift in Sources */ = {isa = PBXBuildFile; fileRef = 7627B8A722BD64B600DD75F0 /* RegistrationController.swift */; };
		7627B8AA22BD66AC00DD75F0 /* HousesTabController.swift in Sources */ = {isa = PBXBuildFile; fileRef = 7627B8A922BD66AC00DD75F0 /* HousesTabController.swift */; };
		7627B8AC22BD66C400DD75F0 /* NewsTabController.swift in Sources */ = {isa = PBXBuildFile; fileRef = 7627B8AB22BD66C400DD75F0 /* NewsTabController.swift */; };
		7627B8AE22BD66D100DD75F0 /* DoorKeyTabController.swift in Sources */ = {isa = PBXBuildFile; fileRef = 7627B8AD22BD66D100DD75F0 /* DoorKeyTabController.swift */; };
		7627B8B022BD66E000DD75F0 /* ProfileTabController.swift in Sources */ = {isa = PBXBuildFile; fileRef = 7627B8AF22BD66E000DD75F0 /* ProfileTabController.swift */; };
		7627B8B222BD6B2500DD75F0 /* MainTabBarController.swift in Sources */ = {isa = PBXBuildFile; fileRef = 7627B8B122BD6B2500DD75F0 /* MainTabBarController.swift */; };
		763684FF22C1991F00A9DB98 /* HouseDetailsController.swift in Sources */ = {isa = PBXBuildFile; fileRef = 763684FE22C1991F00A9DB98 /* HouseDetailsController.swift */; };
		7636850122C19BC100A9DB98 /* DividerLine.swift in Sources */ = {isa = PBXBuildFile; fileRef = 7636850022C19BC100A9DB98 /* DividerLine.swift */; };
		7636850322C1E02900A9DB98 /* HouseAmenityCell.swift in Sources */ = {isa = PBXBuildFile; fileRef = 7636850222C1E02900A9DB98 /* HouseAmenityCell.swift */; };
		76400AB822D5B8890071FACC /* RegistrationField.swift in Sources */ = {isa = PBXBuildFile; fileRef = 76400AB722D5B8890071FACC /* RegistrationField.swift */; };
		76400ABA22D5C4870071FACC /* RegistrationEntry.swift in Sources */ = {isa = PBXBuildFile; fileRef = 76400AB922D5C4870071FACC /* RegistrationEntry.swift */; };
		76400ABC22D6EA0B0071FACC /* RegistrationForm.swift in Sources */ = {isa = PBXBuildFile; fileRef = 76400ABB22D6EA0B0071FACC /* RegistrationForm.swift */; };
		765D0CB222C9CA0200BA8283 /* Comment.swift in Sources */ = {isa = PBXBuildFile; fileRef = 765D0CB122C9CA0200BA8283 /* Comment.swift */; };
		765D0CB522C9CC8200BA8283 /* NewsPost.swift in Sources */ = {isa = PBXBuildFile; fileRef = 765D0CB422C9CC8200BA8283 /* NewsPost.swift */; };
		765D0CB822C9D17900BA8283 /* NewsPostConfiguring.swift in Sources */ = {isa = PBXBuildFile; fileRef = 765D0CB722C9D17900BA8283 /* NewsPostConfiguring.swift */; };
		766914FF22CD65DE00F7B68C /* NewsPostDataManager.swift in Sources */ = {isa = PBXBuildFile; fileRef = 766914FE22CD65DE00F7B68C /* NewsPostDataManager.swift */; };
		7669150322CD7E3700F7B68C /* TestData.swift in Sources */ = {isa = PBXBuildFile; fileRef = 7669150222CD7E3700F7B68C /* TestData.swift */; };
		7669150522CDCF0D00F7B68C /* FilterController.swift in Sources */ = {isa = PBXBuildFile; fileRef = 7669150422CDCF0D00F7B68C /* FilterController.swift */; };
		76705FDA22D2C9CD00B4B018 /* PaymentFormPickerController.swift in Sources */ = {isa = PBXBuildFile; fileRef = 76705FD922D2C9CD00B4B018 /* PaymentFormPickerController.swift */; };
		76705FDD22D2CD6000B4B018 /* PaymentType.swift in Sources */ = {isa = PBXBuildFile; fileRef = 76705FDC22D2CD6000B4B018 /* PaymentType.swift */; };
		76705FDF22D2D33200B4B018 /* Payment.swift in Sources */ = {isa = PBXBuildFile; fileRef = 76705FDE22D2D33200B4B018 /* Payment.swift */; };
		768E4D8922BD5220009CE688 /* Extensions.swift in Sources */ = {isa = PBXBuildFile; fileRef = 768E4D8822BD5220009CE688 /* Extensions.swift */; };
		768E4D8B22BD5CE7009CE688 /* UserManager.swift in Sources */ = {isa = PBXBuildFile; fileRef = 768E4D8A22BD5CE7009CE688 /* UserManager.swift */; };
		768E4D8D22BD5D17009CE688 /* User.swift in Sources */ = {isa = PBXBuildFile; fileRef = 768E4D8C22BD5D17009CE688 /* User.swift */; };
		76BC3E3522E0ED25003A9DA8 /* LoginController.swift in Sources */ = {isa = PBXBuildFile; fileRef = 76BC3E3422E0ED25003A9DA8 /* LoginController.swift */; };
		76BC3E3822E0F7C5003A9DA8 /* LoginOptionCell.swift in Sources */ = {isa = PBXBuildFile; fileRef = 76BC3E3722E0F7C5003A9DA8 /* LoginOptionCell.swift */; };
		76C1AB6D22BE99C100F4BDE3 /* DateExtensions.swift in Sources */ = {isa = PBXBuildFile; fileRef = 76C1AB6C22BE99C100F4BDE3 /* DateExtensions.swift */; };
		76C1AB6F22BECCFA00F4BDE3 /* HouseListController.swift in Sources */ = {isa = PBXBuildFile; fileRef = 76C1AB6E22BECCFA00F4BDE3 /* HouseListController.swift */; };
		76C1AB7122BECD8100F4BDE3 /* House.swift in Sources */ = {isa = PBXBuildFile; fileRef = 76C1AB7022BECD8100F4BDE3 /* House.swift */; };
		76C1AB7422BED4AA00F4BDE3 /* HouseListCell.swift in Sources */ = {isa = PBXBuildFile; fileRef = 76C1AB7322BED4AA00F4BDE3 /* HouseListCell.swift */; };
		76C430EF22C1FA5F00D47AC6 /* HousePhotoCell.swift in Sources */ = {isa = PBXBuildFile; fileRef = 76C430EE22C1FA5F00D47AC6 /* HousePhotoCell.swift */; };
		76C430F122C2873100D47AC6 /* RoomListController.swift in Sources */ = {isa = PBXBuildFile; fileRef = 76C430F022C2873100D47AC6 /* RoomListController.swift */; };
		76C430F322C28AD000D47AC6 /* RoomListCell.swift in Sources */ = {isa = PBXBuildFile; fileRef = 76C430F222C28AD000D47AC6 /* RoomListCell.swift */; };
		76E96B3622DE4724000ED857 /* CircularStd-Book.otf in Resources */ = {isa = PBXBuildFile; fileRef = 76E96B2E22DE4724000ED857 /* CircularStd-Book.otf */; };
		76E96B3722DE4724000ED857 /* CircularStd-Black.otf in Resources */ = {isa = PBXBuildFile; fileRef = 76E96B2F22DE4724000ED857 /* CircularStd-Black.otf */; };
		76E96B3822DE4724000ED857 /* CircularStd-Bold.otf in Resources */ = {isa = PBXBuildFile; fileRef = 76E96B3022DE4724000ED857 /* CircularStd-Bold.otf */; };
		76E96B3922DE4724000ED857 /* CircularStd-BookItalic.otf in Resources */ = {isa = PBXBuildFile; fileRef = 76E96B3122DE4724000ED857 /* CircularStd-BookItalic.otf */; };
		76E96B3A22DE4724000ED857 /* CircularStd-BlackItalic.otf in Resources */ = {isa = PBXBuildFile; fileRef = 76E96B3222DE4724000ED857 /* CircularStd-BlackItalic.otf */; };
		76E96B3B22DE4724000ED857 /* CircularStd-MediumItalic.otf in Resources */ = {isa = PBXBuildFile; fileRef = 76E96B3322DE4724000ED857 /* CircularStd-MediumItalic.otf */; };
		76E96B3C22DE4724000ED857 /* CircularStd-BoldItalic.otf in Resources */ = {isa = PBXBuildFile; fileRef = 76E96B3422DE4724000ED857 /* CircularStd-BoldItalic.otf */; };
		76E96B3D22DE4724000ED857 /* CircularStd-Medium.otf in Resources */ = {isa = PBXBuildFile; fileRef = 76E96B3522DE4724000ED857 /* CircularStd-Medium.otf */; };
		76E96B3F22DE4B89000ED857 /* StyleGuide.swift in Sources */ = {isa = PBXBuildFile; fileRef = 76E96B3E22DE4B89000ED857 /* StyleGuide.swift */; };
		76E96B4122DEA071000ED857 /* CircleView.swift in Sources */ = {isa = PBXBuildFile; fileRef = 76E96B4022DEA071000ED857 /* CircleView.swift */; };
		76F0D20722C29ECE00FB07FF /* ReservationSummaryController.swift in Sources */ = {isa = PBXBuildFile; fileRef = 76F0D20622C29ECE00FB07FF /* ReservationSummaryController.swift */; };
		76F0D20C22C2F6C000FB07FF /* ReservationSuccessController.swift in Sources */ = {isa = PBXBuildFile; fileRef = 76F0D20B22C2F6C000FB07FF /* ReservationSuccessController.swift */; };
		76FBC3BC22BAEA67003FE54A /* AppDelegate.swift in Sources */ = {isa = PBXBuildFile; fileRef = 76FBC3BB22BAEA67003FE54A /* AppDelegate.swift */; };
		76FBC3C322BAEA67003FE54A /* Main.storyboard in Resources */ = {isa = PBXBuildFile; fileRef = 76FBC3C122BAEA67003FE54A /* Main.storyboard */; };
		76FBC3C522BAEA6A003FE54A /* Assets.xcassets in Resources */ = {isa = PBXBuildFile; fileRef = 76FBC3C422BAEA6A003FE54A /* Assets.xcassets */; };
		76FBC3C822BAEA6A003FE54A /* LaunchScreen.storyboard in Resources */ = {isa = PBXBuildFile; fileRef = 76FBC3C622BAEA6A003FE54A /* LaunchScreen.storyboard */; };
		76FBC3D022BAF0B0003FE54A /* SerendipiaLogInController.swift in Sources */ = {isa = PBXBuildFile; fileRef = 76FBC3CF22BAF0B0003FE54A /* SerendipiaLogInController.swift */; };
		76FD44D322C9C41B00AA352F /* NewsUserAndBodyCell.swift in Sources */ = {isa = PBXBuildFile; fileRef = 76FD44D222C9C41B00AA352F /* NewsUserAndBodyCell.swift */; };
		76FD44D522C9C44400AA352F /* NewsLikeAndCommentCountCell.swift in Sources */ = {isa = PBXBuildFile; fileRef = 76FD44D422C9C44400AA352F /* NewsLikeAndCommentCountCell.swift */; };
		76FD44D722C9C45700AA352F /* NewsCommentCell.swift in Sources */ = {isa = PBXBuildFile; fileRef = 76FD44D622C9C45700AA352F /* NewsCommentCell.swift */; };
		76FD44D922C9C46F00AA352F /* NewsCommentBoxCell.swift in Sources */ = {isa = PBXBuildFile; fileRef = 76FD44D822C9C46F00AA352F /* NewsCommentBoxCell.swift */; };
/* End PBXBuildFile section */

/* Begin PBXFileReference section */
		4769F3AEFB096A736B8E63F9 /* Pods-Serendipia.release.xcconfig */ = {isa = PBXFileReference; includeInIndex = 1; lastKnownFileType = text.xcconfig; name = "Pods-Serendipia.release.xcconfig"; path = "Pods/Target Support Files/Pods-Serendipia/Pods-Serendipia.release.xcconfig"; sourceTree = "<group>"; };
		7607AA4522BFE98600E2CC93 /* MapViewCell.swift */ = {isa = PBXFileReference; lastKnownFileType = sourcecode.swift; path = MapViewCell.swift; sourceTree = "<group>"; };
		7627B8A722BD64B600DD75F0 /* RegistrationController.swift */ = {isa = PBXFileReference; lastKnownFileType = sourcecode.swift; path = RegistrationController.swift; sourceTree = "<group>"; };
		7627B8A922BD66AC00DD75F0 /* HousesTabController.swift */ = {isa = PBXFileReference; lastKnownFileType = sourcecode.swift; path = HousesTabController.swift; sourceTree = "<group>"; };
		7627B8AB22BD66C400DD75F0 /* NewsTabController.swift */ = {isa = PBXFileReference; lastKnownFileType = sourcecode.swift; path = NewsTabController.swift; sourceTree = "<group>"; };
		7627B8AD22BD66D100DD75F0 /* DoorKeyTabController.swift */ = {isa = PBXFileReference; lastKnownFileType = sourcecode.swift; path = DoorKeyTabController.swift; sourceTree = "<group>"; };
		7627B8AF22BD66E000DD75F0 /* ProfileTabController.swift */ = {isa = PBXFileReference; lastKnownFileType = sourcecode.swift; path = ProfileTabController.swift; sourceTree = "<group>"; };
		7627B8B122BD6B2500DD75F0 /* MainTabBarController.swift */ = {isa = PBXFileReference; lastKnownFileType = sourcecode.swift; path = MainTabBarController.swift; sourceTree = "<group>"; };
		763684FE22C1991F00A9DB98 /* HouseDetailsController.swift */ = {isa = PBXFileReference; lastKnownFileType = sourcecode.swift; path = HouseDetailsController.swift; sourceTree = "<group>"; };
		7636850022C19BC100A9DB98 /* DividerLine.swift */ = {isa = PBXFileReference; lastKnownFileType = sourcecode.swift; path = DividerLine.swift; sourceTree = "<group>"; };
		7636850222C1E02900A9DB98 /* HouseAmenityCell.swift */ = {isa = PBXFileReference; lastKnownFileType = sourcecode.swift; path = HouseAmenityCell.swift; sourceTree = "<group>"; };
		76400AB722D5B8890071FACC /* RegistrationField.swift */ = {isa = PBXFileReference; lastKnownFileType = sourcecode.swift; path = RegistrationField.swift; sourceTree = "<group>"; };
		76400AB922D5C4870071FACC /* RegistrationEntry.swift */ = {isa = PBXFileReference; lastKnownFileType = sourcecode.swift; path = RegistrationEntry.swift; sourceTree = "<group>"; };
		76400ABB22D6EA0B0071FACC /* RegistrationForm.swift */ = {isa = PBXFileReference; lastKnownFileType = sourcecode.swift; path = RegistrationForm.swift; sourceTree = "<group>"; };
		765D0CB122C9CA0200BA8283 /* Comment.swift */ = {isa = PBXFileReference; lastKnownFileType = sourcecode.swift; path = Comment.swift; sourceTree = "<group>"; };
		765D0CB422C9CC8200BA8283 /* NewsPost.swift */ = {isa = PBXFileReference; lastKnownFileType = sourcecode.swift; path = NewsPost.swift; sourceTree = "<group>"; };
		765D0CB722C9D17900BA8283 /* NewsPostConfiguring.swift */ = {isa = PBXFileReference; lastKnownFileType = sourcecode.swift; path = NewsPostConfiguring.swift; sourceTree = "<group>"; };
		766914FE22CD65DE00F7B68C /* NewsPostDataManager.swift */ = {isa = PBXFileReference; lastKnownFileType = sourcecode.swift; path = NewsPostDataManager.swift; sourceTree = "<group>"; };
		7669150222CD7E3700F7B68C /* TestData.swift */ = {isa = PBXFileReference; lastKnownFileType = sourcecode.swift; path = TestData.swift; sourceTree = "<group>"; };
		7669150422CDCF0D00F7B68C /* FilterController.swift */ = {isa = PBXFileReference; lastKnownFileType = sourcecode.swift; path = FilterController.swift; sourceTree = "<group>"; };
		76705FD922D2C9CD00B4B018 /* PaymentFormPickerController.swift */ = {isa = PBXFileReference; lastKnownFileType = sourcecode.swift; path = PaymentFormPickerController.swift; sourceTree = "<group>"; };
		76705FDC22D2CD6000B4B018 /* PaymentType.swift */ = {isa = PBXFileReference; lastKnownFileType = sourcecode.swift; path = PaymentType.swift; sourceTree = "<group>"; };
		76705FDE22D2D33200B4B018 /* Payment.swift */ = {isa = PBXFileReference; lastKnownFileType = sourcecode.swift; path = Payment.swift; sourceTree = "<group>"; };
		768E4D8822BD5220009CE688 /* Extensions.swift */ = {isa = PBXFileReference; fileEncoding = 4; lastKnownFileType = sourcecode.swift; path = Extensions.swift; sourceTree = "<group>"; };
		768E4D8A22BD5CE7009CE688 /* UserManager.swift */ = {isa = PBXFileReference; lastKnownFileType = sourcecode.swift; path = UserManager.swift; sourceTree = "<group>"; };
		768E4D8C22BD5D17009CE688 /* User.swift */ = {isa = PBXFileReference; lastKnownFileType = sourcecode.swift; path = User.swift; sourceTree = "<group>"; };
		76BC3E3422E0ED25003A9DA8 /* LoginController.swift */ = {isa = PBXFileReference; lastKnownFileType = sourcecode.swift; path = LoginController.swift; sourceTree = "<group>"; };
		76BC3E3722E0F7C5003A9DA8 /* LoginOptionCell.swift */ = {isa = PBXFileReference; lastKnownFileType = sourcecode.swift; name = LoginOptionCell.swift; path = /Users/martyulrich/Repos/Serendipia/Serendipia/Login/LoginOptionCell.swift; sourceTree = "<absolute>"; };
		76C1AB6C22BE99C100F4BDE3 /* DateExtensions.swift */ = {isa = PBXFileReference; lastKnownFileType = sourcecode.swift; path = DateExtensions.swift; sourceTree = "<group>"; };
		76C1AB6E22BECCFA00F4BDE3 /* HouseListController.swift */ = {isa = PBXFileReference; lastKnownFileType = sourcecode.swift; path = HouseListController.swift; sourceTree = "<group>"; };
		76C1AB7022BECD8100F4BDE3 /* House.swift */ = {isa = PBXFileReference; lastKnownFileType = sourcecode.swift; path = House.swift; sourceTree = "<group>"; };
		76C1AB7322BED4AA00F4BDE3 /* HouseListCell.swift */ = {isa = PBXFileReference; lastKnownFileType = sourcecode.swift; path = HouseListCell.swift; sourceTree = "<group>"; };
		76C430EE22C1FA5F00D47AC6 /* HousePhotoCell.swift */ = {isa = PBXFileReference; lastKnownFileType = sourcecode.swift; path = HousePhotoCell.swift; sourceTree = "<group>"; };
		76C430F022C2873100D47AC6 /* RoomListController.swift */ = {isa = PBXFileReference; lastKnownFileType = sourcecode.swift; path = RoomListController.swift; sourceTree = "<group>"; };
		76C430F222C28AD000D47AC6 /* RoomListCell.swift */ = {isa = PBXFileReference; lastKnownFileType = sourcecode.swift; path = RoomListCell.swift; sourceTree = "<group>"; };
		76E96B2E22DE4724000ED857 /* CircularStd-Book.otf */ = {isa = PBXFileReference; lastKnownFileType = file; path = "CircularStd-Book.otf"; sourceTree = "<group>"; };
		76E96B2F22DE4724000ED857 /* CircularStd-Black.otf */ = {isa = PBXFileReference; lastKnownFileType = file; path = "CircularStd-Black.otf"; sourceTree = "<group>"; };
		76E96B3022DE4724000ED857 /* CircularStd-Bold.otf */ = {isa = PBXFileReference; lastKnownFileType = file; path = "CircularStd-Bold.otf"; sourceTree = "<group>"; };
		76E96B3122DE4724000ED857 /* CircularStd-BookItalic.otf */ = {isa = PBXFileReference; lastKnownFileType = file; path = "CircularStd-BookItalic.otf"; sourceTree = "<group>"; };
		76E96B3222DE4724000ED857 /* CircularStd-BlackItalic.otf */ = {isa = PBXFileReference; lastKnownFileType = file; path = "CircularStd-BlackItalic.otf"; sourceTree = "<group>"; };
		76E96B3322DE4724000ED857 /* CircularStd-MediumItalic.otf */ = {isa = PBXFileReference; lastKnownFileType = file; path = "CircularStd-MediumItalic.otf"; sourceTree = "<group>"; };
		76E96B3422DE4724000ED857 /* CircularStd-BoldItalic.otf */ = {isa = PBXFileReference; lastKnownFileType = file; path = "CircularStd-BoldItalic.otf"; sourceTree = "<group>"; };
		76E96B3522DE4724000ED857 /* CircularStd-Medium.otf */ = {isa = PBXFileReference; lastKnownFileType = file; path = "CircularStd-Medium.otf"; sourceTree = "<group>"; };
		76E96B3E22DE4B89000ED857 /* StyleGuide.swift */ = {isa = PBXFileReference; lastKnownFileType = sourcecode.swift; path = StyleGuide.swift; sourceTree = "<group>"; };
		76E96B4022DEA071000ED857 /* CircleView.swift */ = {isa = PBXFileReference; lastKnownFileType = sourcecode.swift; path = CircleView.swift; sourceTree = "<group>"; };
		76F0D20622C29ECE00FB07FF /* ReservationSummaryController.swift */ = {isa = PBXFileReference; lastKnownFileType = sourcecode.swift; path = ReservationSummaryController.swift; sourceTree = "<group>"; };
		76F0D20B22C2F6C000FB07FF /* ReservationSuccessController.swift */ = {isa = PBXFileReference; lastKnownFileType = sourcecode.swift; path = ReservationSuccessController.swift; sourceTree = "<group>"; };
		76FBC3B822BAEA67003FE54A /* Serendipia.app */ = {isa = PBXFileReference; explicitFileType = wrapper.application; includeInIndex = 0; path = Serendipia.app; sourceTree = BUILT_PRODUCTS_DIR; };
		76FBC3BB22BAEA67003FE54A /* AppDelegate.swift */ = {isa = PBXFileReference; lastKnownFileType = sourcecode.swift; path = AppDelegate.swift; sourceTree = "<group>"; };
		76FBC3C222BAEA67003FE54A /* Base */ = {isa = PBXFileReference; lastKnownFileType = file.storyboard; name = Base; path = Base.lproj/Main.storyboard; sourceTree = "<group>"; };
		76FBC3C422BAEA6A003FE54A /* Assets.xcassets */ = {isa = PBXFileReference; lastKnownFileType = folder.assetcatalog; path = Assets.xcassets; sourceTree = "<group>"; };
		76FBC3C722BAEA6A003FE54A /* Base */ = {isa = PBXFileReference; lastKnownFileType = file.storyboard; name = Base; path = Base.lproj/LaunchScreen.storyboard; sourceTree = "<group>"; };
		76FBC3C922BAEA6A003FE54A /* Info.plist */ = {isa = PBXFileReference; lastKnownFileType = text.plist.xml; path = Info.plist; sourceTree = "<group>"; };
		76FBC3CF22BAF0B0003FE54A /* SerendipiaLogInController.swift */ = {isa = PBXFileReference; lastKnownFileType = sourcecode.swift; path = SerendipiaLogInController.swift; sourceTree = "<group>"; };
		76FD44D222C9C41B00AA352F /* NewsUserAndBodyCell.swift */ = {isa = PBXFileReference; lastKnownFileType = sourcecode.swift; path = NewsUserAndBodyCell.swift; sourceTree = "<group>"; };
		76FD44D422C9C44400AA352F /* NewsLikeAndCommentCountCell.swift */ = {isa = PBXFileReference; lastKnownFileType = sourcecode.swift; path = NewsLikeAndCommentCountCell.swift; sourceTree = "<group>"; };
		76FD44D622C9C45700AA352F /* NewsCommentCell.swift */ = {isa = PBXFileReference; lastKnownFileType = sourcecode.swift; path = NewsCommentCell.swift; sourceTree = "<group>"; };
		76FD44D822C9C46F00AA352F /* NewsCommentBoxCell.swift */ = {isa = PBXFileReference; lastKnownFileType = sourcecode.swift; path = NewsCommentBoxCell.swift; sourceTree = "<group>"; };
		A432A442BCAFC4E717C19388 /* Pods_Serendipia.framework */ = {isa = PBXFileReference; explicitFileType = wrapper.framework; includeInIndex = 0; path = Pods_Serendipia.framework; sourceTree = BUILT_PRODUCTS_DIR; };
		B36ACE94F28A494348CAF581 /* Pods-Serendipia.debug.xcconfig */ = {isa = PBXFileReference; includeInIndex = 1; lastKnownFileType = text.xcconfig; name = "Pods-Serendipia.debug.xcconfig"; path = "Pods/Target Support Files/Pods-Serendipia/Pods-Serendipia.debug.xcconfig"; sourceTree = "<group>"; };
/* End PBXFileReference section */

/* Begin PBXFrameworksBuildPhase section */
		76FBC3B522BAEA67003FE54A /* Frameworks */ = {
			isa = PBXFrameworksBuildPhase;
			buildActionMask = 2147483647;
			files = (
				4B7301D2E2537C9124141FE2 /* Pods_Serendipia.framework in Frameworks */,
			);
			runOnlyForDeploymentPostprocessing = 0;
		};
/* End PBXFrameworksBuildPhase section */

/* Begin PBXGroup section */
		04FE917D5CB0854B2AE5110F /* Pods */ = {
			isa = PBXGroup;
			children = (
				B36ACE94F28A494348CAF581 /* Pods-Serendipia.debug.xcconfig */,
				4769F3AEFB096A736B8E63F9 /* Pods-Serendipia.release.xcconfig */,
			);
			name = Pods;
			sourceTree = "<group>";
		};
		388D781F6E53F4CDFAFF6CE3 /* Frameworks */ = {
			isa = PBXGroup;
			children = (
				A432A442BCAFC4E717C19388 /* Pods_Serendipia.framework */,
			);
			name = Frameworks;
			sourceTree = "<group>";
		};
		76400AB622D5B8660071FACC /* Registration */ = {
			isa = PBXGroup;
			children = (
				7627B8A722BD64B600DD75F0 /* RegistrationController.swift */,
				76400AB922D5C4870071FACC /* RegistrationEntry.swift */,
				76400AB722D5B8890071FACC /* RegistrationField.swift */,
				76400ABB22D6EA0B0071FACC /* RegistrationForm.swift */,
			);
			path = Registration;
			sourceTree = "<group>";
		};
		765D0CB322C9CB6100BA8283 /* Tabs */ = {
			isa = PBXGroup;
			children = (
				7627B8A922BD66AC00DD75F0 /* HousesTabController.swift */,
				7627B8AB22BD66C400DD75F0 /* NewsTabController.swift */,
				7627B8AD22BD66D100DD75F0 /* DoorKeyTabController.swift */,
				7627B8AF22BD66E000DD75F0 /* ProfileTabController.swift */,
				7627B8B122BD6B2500DD75F0 /* MainTabBarController.swift */,
			);
			path = Tabs;
			sourceTree = "<group>";
		};
		765D0CB622C9CF6E00BA8283 /* News Cells */ = {
			isa = PBXGroup;
			children = (
				76FD44D222C9C41B00AA352F /* NewsUserAndBodyCell.swift */,
				76FD44D422C9C44400AA352F /* NewsLikeAndCommentCountCell.swift */,
				76FD44D622C9C45700AA352F /* NewsCommentCell.swift */,
				76FD44D822C9C46F00AA352F /* NewsCommentBoxCell.swift */,
				765D0CB722C9D17900BA8283 /* NewsPostConfiguring.swift */,
			);
			path = "News Cells";
			sourceTree = "<group>";
		};
		766914FD22CD65CA00F7B68C /* Data Managers */ = {
			isa = PBXGroup;
			children = (
				766914FE22CD65DE00F7B68C /* NewsPostDataManager.swift */,
			);
			path = "Data Managers";
			sourceTree = "<group>";
		};
		766D46FA22DF885400FDF81A /* CountryPicker */ = {
			isa = PBXGroup;
			children = (
			);
			path = CountryPicker;
			sourceTree = "<group>";
		};
		76705FDB22D2CD4900B4B018 /* Payments */ = {
			isa = PBXGroup;
			children = (
				76705FD922D2C9CD00B4B018 /* PaymentFormPickerController.swift */,
				76705FDC22D2CD6000B4B018 /* PaymentType.swift */,
				76705FDE22D2D33200B4B018 /* Payment.swift */,
			);
			path = Payments;
			sourceTree = "<group>";
		};
		76BC3E3622E0F7A1003A9DA8 /* Login */ = {
			isa = PBXGroup;
			children = (
				76FBC3CF22BAF0B0003FE54A /* SerendipiaLogInController.swift */,
				76BC3E3422E0ED25003A9DA8 /* LoginController.swift */,
				76BC3E3722E0F7C5003A9DA8 /* LoginOptionCell.swift */,
			);
			path = Login;
			sourceTree = "<group>";
		};
		76C1AB7222BECD8B00F4BDE3 /* Models */ = {
			isa = PBXGroup;
			children = (
				768E4D8C22BD5D17009CE688 /* User.swift */,
				76C1AB7022BECD8100F4BDE3 /* House.swift */,
				765D0CB122C9CA0200BA8283 /* Comment.swift */,
				765D0CB422C9CC8200BA8283 /* NewsPost.swift */,
			);
			path = Models;
			sourceTree = "<group>";
		};
		76E96B2D22DE4724000ED857 /* Circular Font */ = {
			isa = PBXGroup;
			children = (
				76E96B2E22DE4724000ED857 /* CircularStd-Book.otf */,
				76E96B2F22DE4724000ED857 /* CircularStd-Black.otf */,
				76E96B3022DE4724000ED857 /* CircularStd-Bold.otf */,
				76E96B3122DE4724000ED857 /* CircularStd-BookItalic.otf */,
				76E96B3222DE4724000ED857 /* CircularStd-BlackItalic.otf */,
				76E96B3322DE4724000ED857 /* CircularStd-MediumItalic.otf */,
				76E96B3422DE4724000ED857 /* CircularStd-BoldItalic.otf */,
				76E96B3522DE4724000ED857 /* CircularStd-Medium.otf */,
			);
			path = "Circular Font";
			sourceTree = "<group>";
		};
		76FBC3AF22BAEA67003FE54A = {
			isa = PBXGroup;
			children = (
				76FBC3BA22BAEA67003FE54A /* Serendipia */,
				76FBC3B922BAEA67003FE54A /* Products */,
				04FE917D5CB0854B2AE5110F /* Pods */,
				388D781F6E53F4CDFAFF6CE3 /* Frameworks */,
			);
			sourceTree = "<group>";
		};
		76FBC3B922BAEA67003FE54A /* Products */ = {
			isa = PBXGroup;
			children = (
				76FBC3B822BAEA67003FE54A /* Serendipia.app */,
			);
			name = Products;
			sourceTree = "<group>";
		};
		76FBC3BA22BAEA67003FE54A /* Serendipia */ = {
			isa = PBXGroup;
			children = (
				76E96B2D22DE4724000ED857 /* Circular Font */,
				768E4D8822BD5220009CE688 /* Extensions.swift */,
				76E96B3E22DE4B89000ED857 /* StyleGuide.swift */,
				76FBC3BB22BAEA67003FE54A /* AppDelegate.swift */,
				76FBC3C122BAEA67003FE54A /* Main.storyboard */,
				76FBC3C622BAEA6A003FE54A /* LaunchScreen.storyboard */,
				76FBC3C422BAEA6A003FE54A /* Assets.xcassets */,
				76FBC3C922BAEA6A003FE54A /* Info.plist */,
				76BC3E3622E0F7A1003A9DA8 /* Login */,
				768E4D8A22BD5CE7009CE688 /* UserManager.swift */,
				766914FD22CD65CA00F7B68C /* Data Managers */,
				76C1AB7222BECD8B00F4BDE3 /* Models */,
				76400AB622D5B8660071FACC /* Registration */,
				76C1AB6E22BECCFA00F4BDE3 /* HouseListController.swift */,
				763684FE22C1991F00A9DB98 /* HouseDetailsController.swift */,
				7607AA4522BFE98600E2CC93 /* MapViewCell.swift */,
				76705FDB22D2CD4900B4B018 /* Payments */,
				76C1AB7322BED4AA00F4BDE3 /* HouseListCell.swift */,
				765D0CB622C9CF6E00BA8283 /* News Cells */,
				76C430F022C2873100D47AC6 /* RoomListController.swift */,
				76C430F222C28AD000D47AC6 /* RoomListCell.swift */,
				76F0D20622C29ECE00FB07FF /* ReservationSummaryController.swift */,
				76F0D20B22C2F6C000FB07FF /* ReservationSuccessController.swift */,
				7669150422CDCF0D00F7B68C /* FilterController.swift */,
				76C430EE22C1FA5F00D47AC6 /* HousePhotoCell.swift */,
				765D0CB322C9CB6100BA8283 /* Tabs */,
				7636850222C1E02900A9DB98 /* HouseAmenityCell.swift */,
				76C1AB6C22BE99C100F4BDE3 /* DateExtensions.swift */,
				7636850022C19BC100A9DB98 /* DividerLine.swift */,
				7669150222CD7E3700F7B68C /* TestData.swift */,
				76E96B4022DEA071000ED857 /* CircleView.swift */,
				766D46FA22DF885400FDF81A /* CountryPicker */,
			);
			path = Serendipia;
			sourceTree = "<group>";
		};
/* End PBXGroup section */

/* Begin PBXNativeTarget section */
		76FBC3B722BAEA67003FE54A /* Serendipia */ = {
			isa = PBXNativeTarget;
			buildConfigurationList = 76FBC3CC22BAEA6A003FE54A /* Build configuration list for PBXNativeTarget "Serendipia" */;
			buildPhases = (
				28C00DD856DF9097CA182326 /* [CP] Check Pods Manifest.lock */,
				76FBC3B422BAEA67003FE54A /* Sources */,
				76FBC3B522BAEA67003FE54A /* Frameworks */,
				76FBC3B622BAEA67003FE54A /* Resources */,
				2E7CC13B932BE99C9D3ACEBF /* [CP] Embed Pods Frameworks */,
				D131368CC7C24418C7B0A7BC /* [CP] Copy Pods Resources */,
			);
			buildRules = (
			);
			dependencies = (
			);
			name = Serendipia;
			productName = Serendipia;
			productReference = 76FBC3B822BAEA67003FE54A /* Serendipia.app */;
			productType = "com.apple.product-type.application";
		};
/* End PBXNativeTarget section */

/* Begin PBXProject section */
		76FBC3B022BAEA67003FE54A /* Project object */ = {
			isa = PBXProject;
			attributes = {
				LastSwiftUpdateCheck = 1020;
				LastUpgradeCheck = 1020;
				ORGANIZATIONNAME = "Marty Ulrich";
				TargetAttributes = {
					76FBC3B722BAEA67003FE54A = {
						CreatedOnToolsVersion = 10.2;
					};
				};
			};
			buildConfigurationList = 76FBC3B322BAEA67003FE54A /* Build configuration list for PBXProject "Serendipia" */;
			compatibilityVersion = "Xcode 9.3";
			developmentRegion = en;
			hasScannedForEncodings = 0;
			knownRegions = (
				en,
				Base,
			);
			mainGroup = 76FBC3AF22BAEA67003FE54A;
			productRefGroup = 76FBC3B922BAEA67003FE54A /* Products */;
			projectDirPath = "";
			projectRoot = "";
			targets = (
				76FBC3B722BAEA67003FE54A /* Serendipia */,
			);
		};
/* End PBXProject section */

/* Begin PBXResourcesBuildPhase section */
		76FBC3B622BAEA67003FE54A /* Resources */ = {
			isa = PBXResourcesBuildPhase;
			buildActionMask = 2147483647;
			files = (
				76FBC3C822BAEA6A003FE54A /* LaunchScreen.storyboard in Resources */,
				76E96B3922DE4724000ED857 /* CircularStd-BookItalic.otf in Resources */,
				76E96B3A22DE4724000ED857 /* CircularStd-BlackItalic.otf in Resources */,
				76E96B3822DE4724000ED857 /* CircularStd-Bold.otf in Resources */,
				76E96B3B22DE4724000ED857 /* CircularStd-MediumItalic.otf in Resources */,
				76E96B3C22DE4724000ED857 /* CircularStd-BoldItalic.otf in Resources */,
				76FBC3C522BAEA6A003FE54A /* Assets.xcassets in Resources */,
				76FBC3C322BAEA67003FE54A /* Main.storyboard in Resources */,
				76E96B3622DE4724000ED857 /* CircularStd-Book.otf in Resources */,
				76E96B3722DE4724000ED857 /* CircularStd-Black.otf in Resources */,
				76E96B3D22DE4724000ED857 /* CircularStd-Medium.otf in Resources */,
			);
			runOnlyForDeploymentPostprocessing = 0;
		};
/* End PBXResourcesBuildPhase section */

/* Begin PBXShellScriptBuildPhase section */
		28C00DD856DF9097CA182326 /* [CP] Check Pods Manifest.lock */ = {
			isa = PBXShellScriptBuildPhase;
			buildActionMask = 2147483647;
			files = (
			);
			inputPaths = (
				"${PODS_PODFILE_DIR_PATH}/Podfile.lock",
				"${PODS_ROOT}/Manifest.lock",
			);
			name = "[CP] Check Pods Manifest.lock";
			outputPaths = (
				"$(DERIVED_FILE_DIR)/Pods-Serendipia-checkManifestLockResult.txt",
			);
			runOnlyForDeploymentPostprocessing = 0;
			shellPath = /bin/sh;
			shellScript = "diff \"${PODS_PODFILE_DIR_PATH}/Podfile.lock\" \"${PODS_ROOT}/Manifest.lock\" > /dev/null\nif [ $? != 0 ] ; then\n    # print error to STDERR\n    echo \"error: The sandbox is not in sync with the Podfile.lock. Run 'pod install' or update your CocoaPods installation.\" >&2\n    exit 1\nfi\n# This output is used by Xcode 'outputs' to avoid re-running this script phase.\necho \"SUCCESS\" > \"${SCRIPT_OUTPUT_FILE_0}\"\n";
			showEnvVarsInLog = 0;
		};
		2E7CC13B932BE99C9D3ACEBF /* [CP] Embed Pods Frameworks */ = {
			isa = PBXShellScriptBuildPhase;
			buildActionMask = 2147483647;
			files = (
			);
			inputPaths = (
				"${SRCROOT}/Pods/Target Support Files/Pods-Serendipia/Pods-Serendipia-frameworks.sh",
				"${BUILT_PRODUCTS_DIR}/Alamofire/Alamofire.framework",
				"${BUILT_PRODUCTS_DIR}/AlamofireImage/AlamofireImage.framework",
				"${BUILT_PRODUCTS_DIR}/CountryPickerView/CountryPickerView.framework",
				"${BUILT_PRODUCTS_DIR}/FSCalendar/FSCalendar.framework",
				"${BUILT_PRODUCTS_DIR}/PureLayout/PureLayout.framework",
			);
			name = "[CP] Embed Pods Frameworks";
			outputPaths = (
				"${TARGET_BUILD_DIR}/${FRAMEWORKS_FOLDER_PATH}/Alamofire.framework",
				"${TARGET_BUILD_DIR}/${FRAMEWORKS_FOLDER_PATH}/AlamofireImage.framework",
				"${TARGET_BUILD_DIR}/${FRAMEWORKS_FOLDER_PATH}/CountryPickerView.framework",
				"${TARGET_BUILD_DIR}/${FRAMEWORKS_FOLDER_PATH}/FSCalendar.framework",
				"${TARGET_BUILD_DIR}/${FRAMEWORKS_FOLDER_PATH}/PureLayout.framework",
			);
			runOnlyForDeploymentPostprocessing = 0;
			shellPath = /bin/sh;
			shellScript = "\"${SRCROOT}/Pods/Target Support Files/Pods-Serendipia/Pods-Serendipia-frameworks.sh\"\n";
			showEnvVarsInLog = 0;
		};
		D131368CC7C24418C7B0A7BC /* [CP] Copy Pods Resources */ = {
			isa = PBXShellScriptBuildPhase;
			buildActionMask = 2147483647;
			files = (
			);
			inputPaths = (
			);
			name = "[CP] Copy Pods Resources";
			outputPaths = (
			);
			runOnlyForDeploymentPostprocessing = 0;
			shellPath = /bin/sh;
			shellScript = "\"${SRCROOT}/Pods/Target Support Files/Pods-Serendipia/Pods-Serendipia-resources.sh\"\n";
			showEnvVarsInLog = 0;
		};
/* End PBXShellScriptBuildPhase section */

/* Begin PBXSourcesBuildPhase section */
		76FBC3B422BAEA67003FE54A /* Sources */ = {
			isa = PBXSourcesBuildPhase;
			buildActionMask = 2147483647;
			files = (
				76E96B3F22DE4B89000ED857 /* StyleGuide.swift in Sources */,
				76C1AB7122BECD8100F4BDE3 /* House.swift in Sources */,
				7627B8AC22BD66C400DD75F0 /* NewsTabController.swift in Sources */,
				76C430F322C28AD000D47AC6 /* RoomListCell.swift in Sources */,
				7627B8B022BD66E000DD75F0 /* ProfileTabController.swift in Sources */,
				76705FDD22D2CD6000B4B018 /* PaymentType.swift in Sources */,
				768E4D8B22BD5CE7009CE688 /* UserManager.swift in Sources */,
				765D0CB822C9D17900BA8283 /* NewsPostConfiguring.swift in Sources */,
				76FBC3BC22BAEA67003FE54A /* AppDelegate.swift in Sources */,
				763684FF22C1991F00A9DB98 /* HouseDetailsController.swift in Sources */,
				766914FF22CD65DE00F7B68C /* NewsPostDataManager.swift in Sources */,
				7607AA4622BFE98600E2CC93 /* MapViewCell.swift in Sources */,
				76E96B4122DEA071000ED857 /* CircleView.swift in Sources */,
				76705FDA22D2C9CD00B4B018 /* PaymentFormPickerController.swift in Sources */,
				76FBC3D022BAF0B0003FE54A /* SerendipiaLogInController.swift in Sources */,
				76FD44D922C9C46F00AA352F /* NewsCommentBoxCell.swift in Sources */,
				768E4D8922BD5220009CE688 /* Extensions.swift in Sources */,
				765D0CB522C9CC8200BA8283 /* NewsPost.swift in Sources */,
				7669150522CDCF0D00F7B68C /* FilterController.swift in Sources */,
				76BC3E3522E0ED25003A9DA8 /* LoginController.swift in Sources */,
				76400ABA22D5C4870071FACC /* RegistrationEntry.swift in Sources */,
				76C1AB7422BED4AA00F4BDE3 /* HouseListCell.swift in Sources */,
				76FD44D522C9C44400AA352F /* NewsLikeAndCommentCountCell.swift in Sources */,
				7627B8B222BD6B2500DD75F0 /* MainTabBarController.swift in Sources */,
				76F0D20C22C2F6C000FB07FF /* ReservationSuccessController.swift in Sources */,
				76705FDF22D2D33200B4B018 /* Payment.swift in Sources */,
				7636850122C19BC100A9DB98 /* DividerLine.swift in Sources */,
				76FD44D722C9C45700AA352F /* NewsCommentCell.swift in Sources */,
				7627B8AE22BD66D100DD75F0 /* DoorKeyTabController.swift in Sources */,
				76F0D20722C29ECE00FB07FF /* ReservationSummaryController.swift in Sources */,
				7627B8A822BD64B600DD75F0 /* RegistrationController.swift in Sources */,
				76400AB822D5B8890071FACC /* RegistrationField.swift in Sources */,
				76C430F122C2873100D47AC6 /* RoomListController.swift in Sources */,
				76FD44D322C9C41B00AA352F /* NewsUserAndBodyCell.swift in Sources */,
				76BC3E3822E0F7C5003A9DA8 /* LoginOptionCell.swift in Sources */,
				768E4D8D22BD5D17009CE688 /* User.swift in Sources */,
				76400ABC22D6EA0B0071FACC /* RegistrationForm.swift in Sources */,
				765D0CB222C9CA0200BA8283 /* Comment.swift in Sources */,
				7627B8AA22BD66AC00DD75F0 /* HousesTabController.swift in Sources */,
				76C1AB6D22BE99C100F4BDE3 /* DateExtensions.swift in Sources */,
				76C430EF22C1FA5F00D47AC6 /* HousePhotoCell.swift in Sources */,
				7636850322C1E02900A9DB98 /* HouseAmenityCell.swift in Sources */,
				7669150322CD7E3700F7B68C /* TestData.swift in Sources */,
				76C1AB6F22BECCFA00F4BDE3 /* HouseListController.swift in Sources */,
			);
			runOnlyForDeploymentPostprocessing = 0;
		};
/* End PBXSourcesBuildPhase section */

/* Begin PBXVariantGroup section */
		76FBC3C122BAEA67003FE54A /* Main.storyboard */ = {
			isa = PBXVariantGroup;
			children = (
				76FBC3C222BAEA67003FE54A /* Base */,
			);
			name = Main.storyboard;
			sourceTree = "<group>";
		};
		76FBC3C622BAEA6A003FE54A /* LaunchScreen.storyboard */ = {
			isa = PBXVariantGroup;
			children = (
				76FBC3C722BAEA6A003FE54A /* Base */,
			);
			name = LaunchScreen.storyboard;
			sourceTree = "<group>";
		};
/* End PBXVariantGroup section */

/* Begin XCBuildConfiguration section */
		76FBC3CA22BAEA6A003FE54A /* Debug */ = {
			isa = XCBuildConfiguration;
			buildSettings = {
				ALWAYS_SEARCH_USER_PATHS = NO;
				CLANG_ANALYZER_NONNULL = YES;
				CLANG_ANALYZER_NUMBER_OBJECT_CONVERSION = YES_AGGRESSIVE;
				CLANG_CXX_LANGUAGE_STANDARD = "gnu++14";
				CLANG_CXX_LIBRARY = "libc++";
				CLANG_ENABLE_MODULES = YES;
				CLANG_ENABLE_OBJC_ARC = YES;
				CLANG_ENABLE_OBJC_WEAK = YES;
				CLANG_WARN_BLOCK_CAPTURE_AUTORELEASING = YES;
				CLANG_WARN_BOOL_CONVERSION = YES;
				CLANG_WARN_COMMA = YES;
				CLANG_WARN_CONSTANT_CONVERSION = YES;
				CLANG_WARN_DEPRECATED_OBJC_IMPLEMENTATIONS = YES;
				CLANG_WARN_DIRECT_OBJC_ISA_USAGE = YES_ERROR;
				CLANG_WARN_DOCUMENTATION_COMMENTS = YES;
				CLANG_WARN_EMPTY_BODY = YES;
				CLANG_WARN_ENUM_CONVERSION = YES;
				CLANG_WARN_INFINITE_RECURSION = YES;
				CLANG_WARN_INT_CONVERSION = YES;
				CLANG_WARN_NON_LITERAL_NULL_CONVERSION = YES;
				CLANG_WARN_OBJC_IMPLICIT_RETAIN_SELF = YES;
				CLANG_WARN_OBJC_LITERAL_CONVERSION = YES;
				CLANG_WARN_OBJC_ROOT_CLASS = YES_ERROR;
				CLANG_WARN_RANGE_LOOP_ANALYSIS = YES;
				CLANG_WARN_STRICT_PROTOTYPES = YES;
				CLANG_WARN_SUSPICIOUS_MOVE = YES;
				CLANG_WARN_UNGUARDED_AVAILABILITY = YES_AGGRESSIVE;
				CLANG_WARN_UNREACHABLE_CODE = YES;
				CLANG_WARN__DUPLICATE_METHOD_MATCH = YES;
				CODE_SIGN_IDENTITY = "iPhone Developer";
				COPY_PHASE_STRIP = NO;
				DEBUG_INFORMATION_FORMAT = dwarf;
				ENABLE_STRICT_OBJC_MSGSEND = YES;
				ENABLE_TESTABILITY = YES;
				GCC_C_LANGUAGE_STANDARD = gnu11;
				GCC_DYNAMIC_NO_PIC = NO;
				GCC_NO_COMMON_BLOCKS = YES;
				GCC_OPTIMIZATION_LEVEL = 0;
				GCC_PREPROCESSOR_DEFINITIONS = (
					"DEBUG=1",
					"$(inherited)",
				);
				GCC_WARN_64_TO_32_BIT_CONVERSION = YES;
				GCC_WARN_ABOUT_RETURN_TYPE = YES_ERROR;
				GCC_WARN_UNDECLARED_SELECTOR = YES;
				GCC_WARN_UNINITIALIZED_AUTOS = YES_AGGRESSIVE;
				GCC_WARN_UNUSED_FUNCTION = YES;
				GCC_WARN_UNUSED_VARIABLE = YES;
				IPHONEOS_DEPLOYMENT_TARGET = 12.2;
				MTL_ENABLE_DEBUG_INFO = INCLUDE_SOURCE;
				MTL_FAST_MATH = YES;
				ONLY_ACTIVE_ARCH = YES;
				SDKROOT = iphoneos;
				SWIFT_ACTIVE_COMPILATION_CONDITIONS = DEBUG;
				SWIFT_OPTIMIZATION_LEVEL = "-Onone";
			};
			name = Debug;
		};
		76FBC3CB22BAEA6A003FE54A /* Release */ = {
			isa = XCBuildConfiguration;
			buildSettings = {
				ALWAYS_SEARCH_USER_PATHS = NO;
				CLANG_ANALYZER_NONNULL = YES;
				CLANG_ANALYZER_NUMBER_OBJECT_CONVERSION = YES_AGGRESSIVE;
				CLANG_CXX_LANGUAGE_STANDARD = "gnu++14";
				CLANG_CXX_LIBRARY = "libc++";
				CLANG_ENABLE_MODULES = YES;
				CLANG_ENABLE_OBJC_ARC = YES;
				CLANG_ENABLE_OBJC_WEAK = YES;
				CLANG_WARN_BLOCK_CAPTURE_AUTORELEASING = YES;
				CLANG_WARN_BOOL_CONVERSION = YES;
				CLANG_WARN_COMMA = YES;
				CLANG_WARN_CONSTANT_CONVERSION = YES;
				CLANG_WARN_DEPRECATED_OBJC_IMPLEMENTATIONS = YES;
				CLANG_WARN_DIRECT_OBJC_ISA_USAGE = YES_ERROR;
				CLANG_WARN_DOCUMENTATION_COMMENTS = YES;
				CLANG_WARN_EMPTY_BODY = YES;
				CLANG_WARN_ENUM_CONVERSION = YES;
				CLANG_WARN_INFINITE_RECURSION = YES;
				CLANG_WARN_INT_CONVERSION = YES;
				CLANG_WARN_NON_LITERAL_NULL_CONVERSION = YES;
				CLANG_WARN_OBJC_IMPLICIT_RETAIN_SELF = YES;
				CLANG_WARN_OBJC_LITERAL_CONVERSION = YES;
				CLANG_WARN_OBJC_ROOT_CLASS = YES_ERROR;
				CLANG_WARN_RANGE_LOOP_ANALYSIS = YES;
				CLANG_WARN_STRICT_PROTOTYPES = YES;
				CLANG_WARN_SUSPICIOUS_MOVE = YES;
				CLANG_WARN_UNGUARDED_AVAILABILITY = YES_AGGRESSIVE;
				CLANG_WARN_UNREACHABLE_CODE = YES;
				CLANG_WARN__DUPLICATE_METHOD_MATCH = YES;
				CODE_SIGN_IDENTITY = "iPhone Developer";
				COPY_PHASE_STRIP = NO;
				DEBUG_INFORMATION_FORMAT = "dwarf-with-dsym";
				ENABLE_NS_ASSERTIONS = NO;
				ENABLE_STRICT_OBJC_MSGSEND = YES;
				GCC_C_LANGUAGE_STANDARD = gnu11;
				GCC_NO_COMMON_BLOCKS = YES;
				GCC_WARN_64_TO_32_BIT_CONVERSION = YES;
				GCC_WARN_ABOUT_RETURN_TYPE = YES_ERROR;
				GCC_WARN_UNDECLARED_SELECTOR = YES;
				GCC_WARN_UNINITIALIZED_AUTOS = YES_AGGRESSIVE;
				GCC_WARN_UNUSED_FUNCTION = YES;
				GCC_WARN_UNUSED_VARIABLE = YES;
				IPHONEOS_DEPLOYMENT_TARGET = 12.2;
				MTL_ENABLE_DEBUG_INFO = NO;
				MTL_FAST_MATH = YES;
				SDKROOT = iphoneos;
				SWIFT_COMPILATION_MODE = wholemodule;
				SWIFT_OPTIMIZATION_LEVEL = "-O";
				VALIDATE_PRODUCT = YES;
			};
			name = Release;
		};
		76FBC3CD22BAEA6A003FE54A /* Debug */ = {
			isa = XCBuildConfiguration;
			baseConfigurationReference = B36ACE94F28A494348CAF581 /* Pods-Serendipia.debug.xcconfig */;
			buildSettings = {
				ASSETCATALOG_COMPILER_APPICON_NAME = AppIcon;
				CODE_SIGN_STYLE = Automatic;
				DEVELOPMENT_TEAM = S2X9VNR2UC;
				INFOPLIST_FILE = Serendipia/Info.plist;
				LD_RUNPATH_SEARCH_PATHS = (
					"$(inherited)",
					"@executable_path/Frameworks",
				);
				PRODUCT_BUNDLE_IDENTIFIER = com.martyulrich.Serendipia;
				PRODUCT_NAME = "$(TARGET_NAME)";
				SWIFT_VERSION = 5.0;
				TARGETED_DEVICE_FAMILY = "1,2";
			};
			name = Debug;
		};
		76FBC3CE22BAEA6A003FE54A /* Release */ = {
			isa = XCBuildConfiguration;
			baseConfigurationReference = 4769F3AEFB096A736B8E63F9 /* Pods-Serendipia.release.xcconfig */;
			buildSettings = {
				ASSETCATALOG_COMPILER_APPICON_NAME = AppIcon;
				CODE_SIGN_STYLE = Automatic;
				DEVELOPMENT_TEAM = S2X9VNR2UC;
				INFOPLIST_FILE = Serendipia/Info.plist;
				LD_RUNPATH_SEARCH_PATHS = (
					"$(inherited)",
					"@executable_path/Frameworks",
				);
				PRODUCT_BUNDLE_IDENTIFIER = com.martyulrich.Serendipia;
				PRODUCT_NAME = "$(TARGET_NAME)";
				SWIFT_VERSION = 5.0;
				TARGETED_DEVICE_FAMILY = "1,2";
			};
			name = Release;
		};
/* End XCBuildConfiguration section */

/* Begin XCConfigurationList section */
		76FBC3B322BAEA67003FE54A /* Build configuration list for PBXProject "Serendipia" */ = {
			isa = XCConfigurationList;
			buildConfigurations = (
				76FBC3CA22BAEA6A003FE54A /* Debug */,
				76FBC3CB22BAEA6A003FE54A /* Release */,
			);
			defaultConfigurationIsVisible = 0;
			defaultConfigurationName = Release;
		};
		76FBC3CC22BAEA6A003FE54A /* Build configuration list for PBXNativeTarget "Serendipia" */ = {
			isa = XCConfigurationList;
			buildConfigurations = (
				76FBC3CD22BAEA6A003FE54A /* Debug */,
				76FBC3CE22BAEA6A003FE54A /* Release */,
			);
			defaultConfigurationIsVisible = 0;
			defaultConfigurationName = Release;
		};
/* End XCConfigurationList section */
	};
	rootObject = 76FBC3B022BAEA67003FE54A /* Project object */;
}
